
Microsoft Visual Studio Solution File, Format Version 12.00
# Visual Studio 15
VisualStudioVersion = 15.0.28010.2046
MinimumVisualStudioVersion = 10.0.40219.1
Project("{FAE04EC0-301F-11D3-BF4B-00C04F79EFBC}") = "CodeChallenge", "CodeChallenge\CodeChallenge.csproj", "{6593B2EE-03B5-4E17-A13C-83791FBF1117}"
EndProject
Global
	GlobalSection(SolutionConfigurationPlatforms) = preSolution
		Debug|Any CPU = Debug|Any CPU
		Release|Any CPU = Release|Any CPU
	EndGlobalSection
	GlobalSection(ProjectConfigurationPlatforms) = postSolution
		{6593B2EE-03B5-4E17-A13C-83791FBF1117}.Debug|Any CPU.ActiveCfg = Debug|Any CPU
		{6593B2EE-03B5-4E17-A13C-83791FBF1117}.Debug|Any CPU.Build.0 = Debug|Any CPU
		{6593B2EE-03B5-4E17-A13C-83791FBF1117}.Release|Any CPU.ActiveCfg = Release|Any CPU
		{6593B2EE-03B5-4E17-A13C-83791FBF1117}.Release|Any CPU.Build.0 = Release|Any CPU
	EndGlobalSection
	GlobalSection(SolutionProperties) = preSolution
		HideSolutionNode = FALSE
	EndGlobalSection
	GlobalSection(ExtensibilityGlobals) = postSolution
		SolutionGuid = {35DDABBD-361C-42CC-A617-73A4D92B754D}
	EndGlobalSection
EndGlobal
